
Microsoft Visual Studio Solution File, Format Version 12.00
# Visual Studio Version 16
VisualStudioVersion = 16.0.31729.503
MinimumVisualStudioVersion = 10.0.40219.1
Project("{FAE04EC0-301F-11D3-BF4B-00C04F79EFBC}") = "delegate-demo01", "delegate-demo01.csproj", "{90828AC6-5198-49B6-ACA9-681173A9003A}"
EndProject
Global
	GlobalSection(SolutionConfigurationPlatforms) = preSolution
		Debug|Any CPU = Debug|Any CPU
		Release|Any CPU = Release|Any CPU
	EndGlobalSection
	GlobalSection(ProjectConfigurationPlatforms) = postSolution
		{90828AC6-5198-49B6-ACA9-681173A9003A}.Debug|Any CPU.ActiveCfg = Debug|Any CPU
		{90828AC6-5198-49B6-ACA9-681173A9003A}.Debug|Any CPU.Build.0 = Debug|Any CPU
		{90828AC6-5198-49B6-ACA9-681173A9003A}.Release|Any CPU.ActiveCfg = Release|Any CPU
		{90828AC6-5198-49B6-ACA9-681173A9003A}.Release|Any CPU.Build.0 = Release|Any CPU
	EndGlobalSection
	GlobalSection(SolutionProperties) = preSolution
		HideSolutionNode = FALSE
	EndGlobalSection
	GlobalSection(ExtensibilityGlobals) = postSolution
		SolutionGuid = {BA692395-5AFE-457A-A5A7-D788B9266552}
	EndGlobalSection
EndGlobal
