
Microsoft Visual Studio Solution File, Format Version 12.00
# Visual Studio Version 16
VisualStudioVersion = 16.0.31729.503
MinimumVisualStudioVersion = 10.0.40219.1
Project("{FAE04EC0-301F-11D3-BF4B-00C04F79EFBC}") = "event-wpf-demo04", "event-wpf-demo04.csproj", "{48E525C7-5E92-44C9-913A-50CD2210ED11}"
EndProject
Global
	GlobalSection(SolutionConfigurationPlatforms) = preSolution
		Debug|Any CPU = Debug|Any CPU
		Release|Any CPU = Release|Any CPU
	EndGlobalSection
	GlobalSection(ProjectConfigurationPlatforms) = postSolution
		{48E525C7-5E92-44C9-913A-50CD2210ED11}.Debug|Any CPU.ActiveCfg = Debug|Any CPU
		{48E525C7-5E92-44C9-913A-50CD2210ED11}.Debug|Any CPU.Build.0 = Debug|Any CPU
		{48E525C7-5E92-44C9-913A-50CD2210ED11}.Release|Any CPU.ActiveCfg = Release|Any CPU
		{48E525C7-5E92-44C9-913A-50CD2210ED11}.Release|Any CPU.Build.0 = Release|Any CPU
	EndGlobalSection
	GlobalSection(SolutionProperties) = preSolution
		HideSolutionNode = FALSE
	EndGlobalSection
	GlobalSection(ExtensibilityGlobals) = postSolution
		SolutionGuid = {FA7D71B2-262D-4702-8782-02FDAC2A51EF}
	EndGlobalSection
EndGlobal
