
Microsoft Visual Studio Solution File, Format Version 12.00
# Visual Studio Version 16
VisualStudioVersion = 16.0.31729.503
MinimumVisualStudioVersion = 10.0.40219.1
Project("{FAE04EC0-301F-11D3-BF4B-00C04F79EFBC}") = "delegate-demo02", "delegate-demo02.csproj", "{3AE88202-D35A-4674-B2D6-45775F567F01}"
EndProject
Global
	GlobalSection(SolutionConfigurationPlatforms) = preSolution
		Debug|Any CPU = Debug|Any CPU
		Release|Any CPU = Release|Any CPU
	EndGlobalSection
	GlobalSection(ProjectConfigurationPlatforms) = postSolution
		{3AE88202-D35A-4674-B2D6-45775F567F01}.Debug|Any CPU.ActiveCfg = Debug|Any CPU
		{3AE88202-D35A-4674-B2D6-45775F567F01}.Debug|Any CPU.Build.0 = Debug|Any CPU
		{3AE88202-D35A-4674-B2D6-45775F567F01}.Release|Any CPU.ActiveCfg = Release|Any CPU
		{3AE88202-D35A-4674-B2D6-45775F567F01}.Release|Any CPU.Build.0 = Release|Any CPU
	EndGlobalSection
	GlobalSection(SolutionProperties) = preSolution
		HideSolutionNode = FALSE
	EndGlobalSection
	GlobalSection(ExtensibilityGlobals) = postSolution
		SolutionGuid = {0695B1D6-0A17-4220-BE3C-43D35E8571DB}
	EndGlobalSection
EndGlobal
